// !$*UTF8*$!
{
	archiveVersion = 1;
	classes = {
	};
	objectVersion = 50;
	objects = {

/* Begin PBXBuildFile section */
		810D41EC219ACF42004E32CE /* AppDelegate.swift in Sources */ = {isa = PBXBuildFile; fileRef = 810D41EB219ACF42004E32CE /* AppDelegate.swift */; };
		810D41EE219ACF42004E32CE /* ViewController.swift in Sources */ = {isa = PBXBuildFile; fileRef = 810D41ED219ACF42004E32CE /* ViewController.swift */; };
		810D41F1219ACF42004E32CE /* Main.storyboard in Resources */ = {isa = PBXBuildFile; fileRef = 810D41EF219ACF42004E32CE /* Main.storyboard */; };
		810D41F6219ACF45004E32CE /* LaunchScreen.storyboard in Resources */ = {isa = PBXBuildFile; fileRef = 810D41F4219ACF45004E32CE /* LaunchScreen.storyboard */; };
		C3F0250B0DF95BAA19F1653A /* Pods_GolbexSDK_Example_iOS.framework in Frameworks */ = {isa = PBXBuildFile; fileRef = A078A5A313D1717A3B739EC5 /* Pods_GolbexSDK_Example_iOS.framework */; };
/* End PBXBuildFile section */

/* Begin PBXFileReference section */
		20A2C79AF5AC1BEF48BDA971 /* Pods-GolbexSDK-Example-iOS.release.xcconfig */ = {isa = PBXFileReference; includeInIndex = 1; lastKnownFileType = text.xcconfig; name = "Pods-GolbexSDK-Example-iOS.release.xcconfig"; path = "Pods/Target Support Files/Pods-GolbexSDK-Example-iOS/Pods-GolbexSDK-Example-iOS.release.xcconfig"; sourceTree = "<group>"; };
		810D41E8219ACF42004E32CE /* GolbexSDK-Example-iOS.app */ = {isa = PBXFileReference; explicitFileType = wrapper.application; includeInIndex = 0; path = "GolbexSDK-Example-iOS.app"; sourceTree = BUILT_PRODUCTS_DIR; };
		810D41EB219ACF42004E32CE /* AppDelegate.swift */ = {isa = PBXFileReference; lastKnownFileType = sourcecode.swift; path = AppDelegate.swift; sourceTree = "<group>"; };
		810D41ED219ACF42004E32CE /* ViewController.swift */ = {isa = PBXFileReference; lastKnownFileType = sourcecode.swift; path = ViewController.swift; sourceTree = "<group>"; };
		810D41F0219ACF42004E32CE /* Base */ = {isa = PBXFileReference; lastKnownFileType = file.storyboard; name = Base; path = Base.lproj/Main.storyboard; sourceTree = "<group>"; };
		810D41F5219ACF45004E32CE /* Base */ = {isa = PBXFileReference; lastKnownFileType = file.storyboard; name = Base; path = Base.lproj/LaunchScreen.storyboard; sourceTree = "<group>"; };
		810D41F7219ACF45004E32CE /* Info.plist */ = {isa = PBXFileReference; lastKnownFileType = text.plist.xml; path = Info.plist; sourceTree = "<group>"; };
		A078A5A313D1717A3B739EC5 /* Pods_GolbexSDK_Example_iOS.framework */ = {isa = PBXFileReference; explicitFileType = wrapper.framework; includeInIndex = 0; path = Pods_GolbexSDK_Example_iOS.framework; sourceTree = BUILT_PRODUCTS_DIR; };
		DD71BAADECC8BF16366E9291 /* Pods-GolbexSDK-Example-iOS.debug.xcconfig */ = {isa = PBXFileReference; includeInIndex = 1; lastKnownFileType = text.xcconfig; name = "Pods-GolbexSDK-Example-iOS.debug.xcconfig"; path = "Pods/Target Support Files/Pods-GolbexSDK-Example-iOS/Pods-GolbexSDK-Example-iOS.debug.xcconfig"; sourceTree = "<group>"; };
/* End PBXFileReference section */

/* Begin PBXFrameworksBuildPhase section */
		810D41E5219ACF42004E32CE /* Frameworks */ = {
			isa = PBXFrameworksBuildPhase;
			buildActionMask = 2147483647;
			files = (
				C3F0250B0DF95BAA19F1653A /* Pods_GolbexSDK_Example_iOS.framework in Frameworks */,
			);
			runOnlyForDeploymentPostprocessing = 0;
		};
/* End PBXFrameworksBuildPhase section */

/* Begin PBXGroup section */
		61DE904D5D841CFF24BD746D /* Pods */ = {
			isa = PBXGroup;
			children = (
				DD71BAADECC8BF16366E9291 /* Pods-GolbexSDK-Example-iOS.debug.xcconfig */,
				20A2C79AF5AC1BEF48BDA971 /* Pods-GolbexSDK-Example-iOS.release.xcconfig */,
			);
			name = Pods;
			sourceTree = "<group>";
		};
		700C4967310F4E04A1DCF817 /* Frameworks */ = {
			isa = PBXGroup;
			children = (
				A078A5A313D1717A3B739EC5 /* Pods_GolbexSDK_Example_iOS.framework */,
			);
			name = Frameworks;
			sourceTree = "<group>";
		};
		810D41DF219ACF42004E32CE = {
			isa = PBXGroup;
			children = (
				810D41EA219ACF42004E32CE /* GolbexSDK-Example-iOS */,
				810D41E9219ACF42004E32CE /* Products */,
				61DE904D5D841CFF24BD746D /* Pods */,
				700C4967310F4E04A1DCF817 /* Frameworks */,
			);
			sourceTree = "<group>";
		};
		810D41E9219ACF42004E32CE /* Products */ = {
			isa = PBXGroup;
			children = (
				810D41E8219ACF42004E32CE /* GolbexSDK-Example-iOS.app */,
			);
			name = Products;
			sourceTree = "<group>";
		};
		810D41EA219ACF42004E32CE /* GolbexSDK-Example-iOS */ = {
			isa = PBXGroup;
			children = (
				810D41EB219ACF42004E32CE /* AppDelegate.swift */,
				810D41ED219ACF42004E32CE /* ViewController.swift */,
				810D41EF219ACF42004E32CE /* Main.storyboard */,
				810D41F4219ACF45004E32CE /* LaunchScreen.storyboard */,
				810D41F7219ACF45004E32CE /* Info.plist */,
			);
			path = "GolbexSDK-Example-iOS";
			sourceTree = "<group>";
		};
/* End PBXGroup section */

/* Begin PBXNativeTarget section */
		810D41E7219ACF42004E32CE /* GolbexSDK-Example-iOS */ = {
			isa = PBXNativeTarget;
			buildConfigurationList = 810D41FA219ACF45004E32CE /* Build configuration list for PBXNativeTarget "GolbexSDK-Example-iOS" */;
			buildPhases = (
				05BD368BEDECE008C034D145 /* [CP] Check Pods Manifest.lock */,
				810D41E4219ACF42004E32CE /* Sources */,
				810D41E5219ACF42004E32CE /* Frameworks */,
				810D41E6219ACF42004E32CE /* Resources */,
				2C88FCACD9342A09875BF9D0 /* [CP] Embed Pods Frameworks */,
			);
			buildRules = (
			);
			dependencies = (
			);
			name = "GolbexSDK-Example-iOS";
			productName = "GolbexSDK-Example-iOS";
			productReference = 810D41E8219ACF42004E32CE /* GolbexSDK-Example-iOS.app */;
			productType = "com.apple.product-type.application";
		};
/* End PBXNativeTarget section */

/* Begin PBXProject section */
		810D41E0219ACF42004E32CE /* Project object */ = {
			isa = PBXProject;
			attributes = {
				LastSwiftUpdateCheck = 1010;
				LastUpgradeCheck = 1010;
				ORGANIZATIONNAME = "Nikolay Dolgopolov";
				TargetAttributes = {
					810D41E7219ACF42004E32CE = {
						CreatedOnToolsVersion = 10.1;
					};
				};
			};
			buildConfigurationList = 810D41E3219ACF42004E32CE /* Build configuration list for PBXProject "GolbexSDK-Example-iOS" */;
			compatibilityVersion = "Xcode 9.3";
			developmentRegion = en;
			hasScannedForEncodings = 0;
			knownRegions = (
				en,
				Base,
			);
			mainGroup = 810D41DF219ACF42004E32CE;
			productRefGroup = 810D41E9219ACF42004E32CE /* Products */;
			projectDirPath = "";
			projectRoot = "";
			targets = (
				810D41E7219ACF42004E32CE /* GolbexSDK-Example-iOS */,
			);
		};
/* End PBXProject section */

/* Begin PBXResourcesBuildPhase section */
		810D41E6219ACF42004E32CE /* Resources */ = {
			isa = PBXResourcesBuildPhase;
			buildActionMask = 2147483647;
			files = (
				810D41F6219ACF45004E32CE /* LaunchScreen.storyboard in Resources */,
				810D41F1219ACF42004E32CE /* Main.storyboard in Resources */,
			);
			runOnlyForDeploymentPostprocessing = 0;
		};
/* End PBXResourcesBuildPhase section */

/* Begin PBXShellScriptBuildPhase section */
		05BD368BEDECE008C034D145 /* [CP] Check Pods Manifest.lock */ = {
			isa = PBXShellScriptBuildPhase;
			buildActionMask = 2147483647;
			files = (
			);
			inputPaths = (
				"${PODS_PODFILE_DIR_PATH}/Podfile.lock",
				"${PODS_ROOT}/Manifest.lock",
			);
			name = "[CP] Check Pods Manifest.lock";
			outputPaths = (
				"$(DERIVED_FILE_DIR)/Pods-GolbexSDK-Example-iOS-checkManifestLockResult.txt",
			);
			runOnlyForDeploymentPostprocessing = 0;
			shellPath = /bin/sh;
			shellScript = "diff \"${PODS_PODFILE_DIR_PATH}/Podfile.lock\" \"${PODS_ROOT}/Manifest.lock\" > /dev/null\nif [ $? != 0 ] ; then\n    # print error to STDERR\n    echo \"error: The sandbox is not in sync with the Podfile.lock. Run 'pod install' or update your CocoaPods installation.\" >&2\n    exit 1\nfi\n# This output is used by Xcode 'outputs' to avoid re-running this script phase.\necho \"SUCCESS\" > \"${SCRIPT_OUTPUT_FILE_0}\"\n";
			showEnvVarsInLog = 0;
		};
		2C88FCACD9342A09875BF9D0 /* [CP] Embed Pods Frameworks */ = {
			isa = PBXShellScriptBuildPhase;
			buildActionMask = 2147483647;
			files = (
			);
			inputPaths = (
				"${SRCROOT}/Pods/Target Support Files/Pods-GolbexSDK-Example-iOS/Pods-GolbexSDK-Example-iOS-frameworks.sh",
				"${BUILT_PRODUCTS_DIR}/Alamofire/Alamofire.framework",
				"${BUILT_PRODUCTS_DIR}/Alamofire-Synchronous/Alamofire_Synchronous.framework",
				"${BUILT_PRODUCTS_DIR}/GolbexSDK/GolbexSDK.framework",
				"${BUILT_PRODUCTS_DIR}/SwiftyJSON/SwiftyJSON.framework",
			);
			name = "[CP] Embed Pods Frameworks";
			outputPaths = (
				"${TARGET_BUILD_DIR}/${FRAMEWORKS_FOLDER_PATH}/Alamofire.framework",
				"${TARGET_BUILD_DIR}/${FRAMEWORKS_FOLDER_PATH}/Alamofire_Synchronous.framework",
				"${TARGET_BUILD_DIR}/${FRAMEWORKS_FOLDER_PATH}/GolbexSDK.framework",
				"${TARGET_BUILD_DIR}/${FRAMEWORKS_FOLDER_PATH}/SwiftyJSON.framework",
			);
			runOnlyForDeploymentPostprocessing = 0;
			shellPath = /bin/sh;
			shellScript = "\"${SRCROOT}/Pods/Target Support Files/Pods-GolbexSDK-Example-iOS/Pods-GolbexSDK-Example-iOS-frameworks.sh\"\n";
			showEnvVarsInLog = 0;
		};
/* End PBXShellScriptBuildPhase section */

/* Begin PBXSourcesBuildPhase section */
		810D41E4219ACF42004E32CE /* Sources */ = {
			isa = PBXSourcesBuildPhase;
			buildActionMask = 2147483647;
			files = (
				810D41EE219ACF42004E32CE /* ViewController.swift in Sources */,
				810D41EC219ACF42004E32CE /* AppDelegate.swift in Sources */,
			);
			runOnlyForDeploymentPostprocessing = 0;
		};
/* End PBXSourcesBuildPhase section */

/* Begin PBXVariantGroup section */
		810D41EF219ACF42004E32CE /* Main.storyboard */ = {
			isa = PBXVariantGroup;
			children = (
				810D41F0219ACF42004E32CE /* Base */,
			);
			name = Main.storyboard;
			sourceTree = "<group>";
		};
		810D41F4219ACF45004E32CE /* LaunchScreen.storyboard */ = {
			isa = PBXVariantGroup;
			children = (
				810D41F5219ACF45004E32CE /* Base */,
			);
			name = LaunchScreen.storyboard;
			sourceTree = "<group>";
		};
/* End PBXVariantGroup section */

/* Begin XCBuildConfiguration section */
		810D41F8219ACF45004E32CE /* Debug */ = {
			isa = XCBuildConfiguration;
			buildSettings = {
				ALWAYS_SEARCH_USER_PATHS = NO;
				CLANG_ANALYZER_NONNULL = YES;
				CLANG_ANALYZER_NUMBER_OBJECT_CONVERSION = YES_AGGRESSIVE;
				CLANG_CXX_LANGUAGE_STANDARD = "gnu++14";
				CLANG_CXX_LIBRARY = "libc++";
				CLANG_ENABLE_MODULES = YES;
				CLANG_ENABLE_OBJC_ARC = YES;
				CLANG_ENABLE_OBJC_WEAK = YES;
				CLANG_WARN_BLOCK_CAPTURE_AUTORELEASING = YES;
				CLANG_WARN_BOOL_CONVERSION = YES;
				CLANG_WARN_COMMA = YES;
				CLANG_WARN_CONSTANT_CONVERSION = YES;
				CLANG_WARN_DEPRECATED_OBJC_IMPLEMENTATIONS = YES;
				CLANG_WARN_DIRECT_OBJC_ISA_USAGE = YES_ERROR;
				CLANG_WARN_DOCUMENTATION_COMMENTS = YES;
				CLANG_WARN_EMPTY_BODY = YES;
				CLANG_WARN_ENUM_CONVERSION = YES;
				CLANG_WARN_INFINITE_RECURSION = YES;
				CLANG_WARN_INT_CONVERSION = YES;
				CLANG_WARN_NON_LITERAL_NULL_CONVERSION = YES;
				CLANG_WARN_OBJC_IMPLICIT_RETAIN_SELF = YES;
				CLANG_WARN_OBJC_LITERAL_CONVERSION = YES;
				CLANG_WARN_OBJC_ROOT_CLASS = YES_ERROR;
				CLANG_WARN_RANGE_LOOP_ANALYSIS = YES;
				CLANG_WARN_STRICT_PROTOTYPES = YES;
				CLANG_WARN_SUSPICIOUS_MOVE = YES;
				CLANG_WARN_UNGUARDED_AVAILABILITY = YES_AGGRESSIVE;
				CLANG_WARN_UNREACHABLE_CODE = YES;
				CLANG_WARN__DUPLICATE_METHOD_MATCH = YES;
				CODE_SIGN_IDENTITY = "iPhone Developer";
				COPY_PHASE_STRIP = NO;
				DEBUG_INFORMATION_FORMAT = dwarf;
				ENABLE_STRICT_OBJC_MSGSEND = YES;
				ENABLE_TESTABILITY = YES;
				GCC_C_LANGUAGE_STANDARD = gnu11;
				GCC_DYNAMIC_NO_PIC = NO;
				GCC_NO_COMMON_BLOCKS = YES;
				GCC_OPTIMIZATION_LEVEL = 0;
				GCC_PREPROCESSOR_DEFINITIONS = (
					"DEBUG=1",
					"$(inherited)",
				);
				GCC_WARN_64_TO_32_BIT_CONVERSION = YES;
				GCC_WARN_ABOUT_RETURN_TYPE = YES_ERROR;
				GCC_WARN_UNDECLARED_SELECTOR = YES;
				GCC_WARN_UNINITIALIZED_AUTOS = YES_AGGRESSIVE;
				GCC_WARN_UNUSED_FUNCTION = YES;
				GCC_WARN_UNUSED_VARIABLE = YES;
				IPHONEOS_DEPLOYMENT_TARGET = 12.1;
				MTL_ENABLE_DEBUG_INFO = INCLUDE_SOURCE;
				MTL_FAST_MATH = YES;
				ONLY_ACTIVE_ARCH = YES;
				SDKROOT = iphoneos;
				SWIFT_ACTIVE_COMPILATION_CONDITIONS = DEBUG;
				SWIFT_OPTIMIZATION_LEVEL = "-Onone";
			};
			name = Debug;
		};
		810D41F9219ACF45004E32CE /* Release */ = {
			isa = XCBuildConfiguration;
			buildSettings = {
				ALWAYS_SEARCH_USER_PATHS = NO;
				CLANG_ANALYZER_NONNULL = YES;
				CLANG_ANALYZER_NUMBER_OBJECT_CONVERSION = YES_AGGRESSIVE;
				CLANG_CXX_LANGUAGE_STANDARD = "gnu++14";
				CLANG_CXX_LIBRARY = "libc++";
				CLANG_ENABLE_MODULES = YES;
				CLANG_ENABLE_OBJC_ARC = YES;
				CLANG_ENABLE_OBJC_WEAK = YES;
				CLANG_WARN_BLOCK_CAPTURE_AUTORELEASING = YES;
				CLANG_WARN_BOOL_CONVERSION = YES;
				CLANG_WARN_COMMA = YES;
				CLANG_WARN_CONSTANT_CONVERSION = YES;
				CLANG_WARN_DEPRECATED_OBJC_IMPLEMENTATIONS = YES;
				CLANG_WARN_DIRECT_OBJC_ISA_USAGE = YES_ERROR;
				CLANG_WARN_DOCUMENTATION_COMMENTS = YES;
				CLANG_WARN_EMPTY_BODY = YES;
				CLANG_WARN_ENUM_CONVERSION = YES;
				CLANG_WARN_INFINITE_RECURSION = YES;
				CLANG_WARN_INT_CONVERSION = YES;
				CLANG_WARN_NON_LITERAL_NULL_CONVERSION = YES;
				CLANG_WARN_OBJC_IMPLICIT_RETAIN_SELF = YES;
				CLANG_WARN_OBJC_LITERAL_CONVERSION = YES;
				CLANG_WARN_OBJC_ROOT_CLASS = YES_ERROR;
				CLANG_WARN_RANGE_LOOP_ANALYSIS = YES;
				CLANG_WARN_STRICT_PROTOTYPES = YES;
				CLANG_WARN_SUSPICIOUS_MOVE = YES;
				CLANG_WARN_UNGUARDED_AVAILABILITY = YES_AGGRESSIVE;
				CLANG_WARN_UNREACHABLE_CODE = YES;
				CLANG_WARN__DUPLICATE_METHOD_MATCH = YES;
				CODE_SIGN_IDENTITY = "iPhone Developer";
				COPY_PHASE_STRIP = NO;
				DEBUG_INFORMATION_FORMAT = "dwarf-with-dsym";
				ENABLE_NS_ASSERTIONS = NO;
				ENABLE_STRICT_OBJC_MSGSEND = YES;
				GCC_C_LANGUAGE_STANDARD = gnu11;
				GCC_NO_COMMON_BLOCKS = YES;
				GCC_WARN_64_TO_32_BIT_CONVERSION = YES;
				GCC_WARN_ABOUT_RETURN_TYPE = YES_ERROR;
				GCC_WARN_UNDECLARED_SELECTOR = YES;
				GCC_WARN_UNINITIALIZED_AUTOS = YES_AGGRESSIVE;
				GCC_WARN_UNUSED_FUNCTION = YES;
				GCC_WARN_UNUSED_VARIABLE = YES;
				IPHONEOS_DEPLOYMENT_TARGET = 12.1;
				MTL_ENABLE_DEBUG_INFO = NO;
				MTL_FAST_MATH = YES;
				SDKROOT = iphoneos;
				SWIFT_COMPILATION_MODE = wholemodule;
				SWIFT_OPTIMIZATION_LEVEL = "-O";
				VALIDATE_PRODUCT = YES;
			};
			name = Release;
		};
		810D41FB219ACF45004E32CE /* Debug */ = {
			isa = XCBuildConfiguration;
			baseConfigurationReference = DD71BAADECC8BF16366E9291 /* Pods-GolbexSDK-Example-iOS.debug.xcconfig */;
			buildSettings = {
				ASSETCATALOG_COMPILER_APPICON_NAME = AppIcon;
				CODE_SIGN_STYLE = Automatic;
				INFOPLIST_FILE = "GolbexSDK-Example-iOS/Info.plist";
				LD_RUNPATH_SEARCH_PATHS = (
					"$(inherited)",
					"@executable_path/Frameworks",
				);
				PRODUCT_BUNDLE_IDENTIFIER = "ru.ndolgopolov.GolbexSDK-Example-iOS";
				PRODUCT_NAME = "$(TARGET_NAME)";
				SWIFT_VERSION = 4.2;
				TARGETED_DEVICE_FAMILY = "1,2";
			};
			name = Debug;
		};
		810D41FC219ACF45004E32CE /* Release */ = {
			isa = XCBuildConfiguration;
			baseConfigurationReference = 20A2C79AF5AC1BEF48BDA971 /* Pods-GolbexSDK-Example-iOS.release.xcconfig */;
			buildSettings = {
				ASSETCATALOG_COMPILER_APPICON_NAME = AppIcon;
				CODE_SIGN_STYLE = Automatic;
				INFOPLIST_FILE = "GolbexSDK-Example-iOS/Info.plist";
				LD_RUNPATH_SEARCH_PATHS = (
					"$(inherited)",
					"@executable_path/Frameworks",
				);
				PRODUCT_BUNDLE_IDENTIFIER = "ru.ndolgopolov.GolbexSDK-Example-iOS";
				PRODUCT_NAME = "$(TARGET_NAME)";
				SWIFT_VERSION = 4.2;
				TARGETED_DEVICE_FAMILY = "1,2";
			};
			name = Release;
		};
/* End XCBuildConfiguration section */

/* Begin XCConfigurationList section */
		810D41E3219ACF42004E32CE /* Build configuration list for PBXProject "GolbexSDK-Example-iOS" */ = {
			isa = XCConfigurationList;
			buildConfigurations = (
				810D41F8219ACF45004E32CE /* Debug */,
				810D41F9219ACF45004E32CE /* Release */,
			);
			defaultConfigurationIsVisible = 0;
			defaultConfigurationName = Release;
		};
		810D41FA219ACF45004E32CE /* Build configuration list for PBXNativeTarget "GolbexSDK-Example-iOS" */ = {
			isa = XCConfigurationList;
			buildConfigurations = (
				810D41FB219ACF45004E32CE /* Debug */,
				810D41FC219ACF45004E32CE /* Release */,
			);
			defaultConfigurationIsVisible = 0;
			defaultConfigurationName = Release;
		};
/* End XCConfigurationList section */
	};
	rootObject = 810D41E0219ACF42004E32CE /* Project object */;
}
